// !$*UTF8*$!
{
	archiveVersion = 1;
	classes = {
	};
	objectVersion = 70;
	objects = {

/* Begin PBXBuildFile section */
		5B582F5A2D3A326700F6CE33 /* CircleImageView.swift in Sources */ = {isa = PBXBuildFile; fileRef = 5B582F592D3A326700F6CE33 /* CircleImageView.swift */; };
		5B582F5C2D3A35D500F6CE33 /* ImageView.swift in Sources */ = {isa = PBXBuildFile; fileRef = 5B582F5B2D3A35D200F6CE33 /* ImageView.swift */; };
		5B582F662D3AA22B00F6CE33 /* BottomNavBarView.swift in Sources */ = {isa = PBXBuildFile; fileRef = 5B582F652D3AA21B00F6CE33 /* BottomNavBarView.swift */; };
		5B582F682D3AA78A00F6CE33 /* TabItem.swift in Sources */ = {isa = PBXBuildFile; fileRef = 5B582F672D3AA78400F6CE33 /* TabItem.swift */; };
		5B5CCF902D37AF3C00BA75C6 /* AppView.swift in Sources */ = {isa = PBXBuildFile; fileRef = 5B5CCF8F2D37AF3900BA75C6 /* AppView.swift */; };
		5B710CD52C8EEA5500236D32 /* InstagramCloneApp.swift in Sources */ = {isa = PBXBuildFile; fileRef = 5B710CD42C8EEA5500236D32 /* InstagramCloneApp.swift */; };
		5B710CD92C8EEA5700236D32 /* Assets.xcassets in Resources */ = {isa = PBXBuildFile; fileRef = 5B710CD82C8EEA5700236D32 /* Assets.xcassets */; };
		5B710CDC2C8EEA5700236D32 /* Preview Assets.xcassets in Resources */ = {isa = PBXBuildFile; fileRef = 5B710CDB2C8EEA5700236D32 /* Preview Assets.xcassets */; };
		5B72AD492D3E47920026524C /* FeedView.swift in Sources */ = {isa = PBXBuildFile; fileRef = 5B72AD482D3E478A0026524C /* FeedView.swift */; };
		5B72AD4B2D3E4BB00026524C /* AppBar.swift in Sources */ = {isa = PBXBuildFile; fileRef = 5B72AD4A2D3E4BA60026524C /* AppBar.swift */; };
/* End PBXBuildFile section */

/* Begin PBXContainerItemProxy section */
		5BF0EAF32D393BF900DB3F3A /* PBXContainerItemProxy */ = {
			isa = PBXContainerItemProxy;
			containerPortal = 5B710CC92C8EEA5500236D32 /* Project object */;
			proxyType = 1;
			remoteGlobalIDString = 5B710CD02C8EEA5500236D32;
			remoteInfo = InstagramClone;
		};
/* End PBXContainerItemProxy section */

/* Begin PBXFileReference section */
		5B582F592D3A326700F6CE33 /* CircleImageView.swift */ = {isa = PBXFileReference; lastKnownFileType = sourcecode.swift; path = CircleImageView.swift; sourceTree = "<group>"; };
		5B582F5B2D3A35D200F6CE33 /* ImageView.swift */ = {isa = PBXFileReference; lastKnownFileType = sourcecode.swift; path = ImageView.swift; sourceTree = "<group>"; };
		5B582F652D3AA21B00F6CE33 /* BottomNavBarView.swift */ = {isa = PBXFileReference; lastKnownFileType = sourcecode.swift; path = BottomNavBarView.swift; sourceTree = "<group>"; };
		5B582F672D3AA78400F6CE33 /* TabItem.swift */ = {isa = PBXFileReference; lastKnownFileType = sourcecode.swift; path = TabItem.swift; sourceTree = "<group>"; };
		5B5CCF8F2D37AF3900BA75C6 /* AppView.swift */ = {isa = PBXFileReference; lastKnownFileType = sourcecode.swift; path = AppView.swift; sourceTree = "<group>"; };
		5B710CD12C8EEA5500236D32 /* InstagramClone.app */ = {isa = PBXFileReference; explicitFileType = wrapper.application; includeInIndex = 0; path = InstagramClone.app; sourceTree = BUILT_PRODUCTS_DIR; };
		5B710CD42C8EEA5500236D32 /* InstagramCloneApp.swift */ = {isa = PBXFileReference; lastKnownFileType = sourcecode.swift; path = InstagramCloneApp.swift; sourceTree = "<group>"; };
		5B710CD82C8EEA5700236D32 /* Assets.xcassets */ = {isa = PBXFileReference; lastKnownFileType = folder.assetcatalog; path = Assets.xcassets; sourceTree = "<group>"; };
		5B710CDB2C8EEA5700236D32 /* Preview Assets.xcassets */ = {isa = PBXFileReference; lastKnownFileType = folder.assetcatalog; path = "Preview Assets.xcassets"; sourceTree = "<group>"; };
		5B72AD482D3E478A0026524C /* FeedView.swift */ = {isa = PBXFileReference; lastKnownFileType = sourcecode.swift; path = FeedView.swift; sourceTree = "<group>"; };
		5B72AD4A2D3E4BA60026524C /* AppBar.swift */ = {isa = PBXFileReference; lastKnownFileType = sourcecode.swift; path = AppBar.swift; sourceTree = "<group>"; };
		5BF0EAED2D393BF900DB3F3A /* InstagramCloneUITests.xctest */ = {isa = PBXFileReference; explicitFileType = wrapper.cfbundle; includeInIndex = 0; path = InstagramCloneUITests.xctest; sourceTree = BUILT_PRODUCTS_DIR; };
/* End PBXFileReference section */

/* Begin PBXFileSystemSynchronizedRootGroup section */
		5BF0EAEE2D393BF900DB3F3A /* InstagramCloneUITests */ = {isa = PBXFileSystemSynchronizedRootGroup; explicitFileTypes = {}; explicitFolders = (); path = InstagramCloneUITests; sourceTree = "<group>"; };
/* End PBXFileSystemSynchronizedRootGroup section */

/* Begin PBXFrameworksBuildPhase section */
		5B710CCE2C8EEA5500236D32 /* Frameworks */ = {
			isa = PBXFrameworksBuildPhase;
			buildActionMask = 2147483647;
			files = (
			);
			runOnlyForDeploymentPostprocessing = 0;
		};
		5BF0EAEA2D393BF900DB3F3A /* Frameworks */ = {
			isa = PBXFrameworksBuildPhase;
			buildActionMask = 2147483647;
			files = (
			);
			runOnlyForDeploymentPostprocessing = 0;
		};
/* End PBXFrameworksBuildPhase section */

/* Begin PBXGroup section */
		5B582F572D3A324900F6CE33 /* Common */ = {
			isa = PBXGroup;
			children = (
				5B582F582D3A325000F6CE33 /* View */,
			);
			path = Common;
			sourceTree = "<group>";
		};
		5B582F582D3A325000F6CE33 /* View */ = {
			isa = PBXGroup;
			children = (
				5B582F5B2D3A35D200F6CE33 /* ImageView.swift */,
			);
			path = View;
			sourceTree = "<group>";
		};
		5B5CCF8D2D37AEAE00BA75C6 /* App */ = {
			isa = PBXGroup;
			children = (
				5B5CCF8E2D37AF3300BA75C6 /* View */,
			);
			path = App;
			sourceTree = "<group>";
		};
		5B5CCF8E2D37AF3300BA75C6 /* View */ = {
			isa = PBXGroup;
			children = (
				5B72AD4A2D3E4BA60026524C /* AppBar.swift */,
				5B582F672D3AA78400F6CE33 /* TabItem.swift */,
				5B582F652D3AA21B00F6CE33 /* BottomNavBarView.swift */,
				5B5CCF8F2D37AF3900BA75C6 /* AppView.swift */,
				5B582F592D3A326700F6CE33 /* CircleImageView.swift */,
			);
			path = View;
			sourceTree = "<group>";
		};
		5B710CC82C8EEA5500236D32 = {
			isa = PBXGroup;
			children = (
				5B710CD32C8EEA5500236D32 /* InstagramClone */,
				5BF0EAEE2D393BF900DB3F3A /* InstagramCloneUITests */,
				5B710CD22C8EEA5500236D32 /* Products */,
			);
			sourceTree = "<group>";
		};
		5B710CD22C8EEA5500236D32 /* Products */ = {
			isa = PBXGroup;
			children = (
				5B710CD12C8EEA5500236D32 /* InstagramClone.app */,
				5BF0EAED2D393BF900DB3F3A /* InstagramCloneUITests.xctest */,
			);
			name = Products;
			sourceTree = "<group>";
		};
		5B710CD32C8EEA5500236D32 /* InstagramClone */ = {
			isa = PBXGroup;
			children = (
				5B72AD472D3E47840026524C /* Feed */,
				5B582F572D3A324900F6CE33 /* Common */,
				5B710CD42C8EEA5500236D32 /* InstagramCloneApp.swift */,
				5B5CCF8D2D37AEAE00BA75C6 /* App */,
				5B710CD82C8EEA5700236D32 /* Assets.xcassets */,
				5B710CDA2C8EEA5700236D32 /* Preview Content */,
			);
			path = InstagramClone;
			sourceTree = "<group>";
		};
		5B710CDA2C8EEA5700236D32 /* Preview Content */ = {
			isa = PBXGroup;
			children = (
				5B710CDB2C8EEA5700236D32 /* Preview Assets.xcassets */,
			);
			path = "Preview Content";
			sourceTree = "<group>";
		};
		5B72AD472D3E47840026524C /* Feed */ = {
			isa = PBXGroup;
			children = (
				5B72AD482D3E478A0026524C /* FeedView.swift */,
			);
			path = Feed;
			sourceTree = "<group>";
		};
/* End PBXGroup section */

/* Begin PBXNativeTarget section */
		5B710CD02C8EEA5500236D32 /* InstagramClone */ = {
			isa = PBXNativeTarget;
			buildConfigurationList = 5B710CDF2C8EEA5700236D32 /* Build configuration list for PBXNativeTarget "InstagramClone" */;
			buildPhases = (
				5B710CCD2C8EEA5500236D32 /* Sources */,
				5B710CCE2C8EEA5500236D32 /* Frameworks */,
				5B710CCF2C8EEA5500236D32 /* Resources */,
			);
			buildRules = (
			);
			dependencies = (
			);
			name = InstagramClone;
			productName = InstagramClone;
			productReference = 5B710CD12C8EEA5500236D32 /* InstagramClone.app */;
			productType = "com.apple.product-type.application";
		};
		5BF0EAEC2D393BF900DB3F3A /* InstagramCloneUITests */ = {
			isa = PBXNativeTarget;
			buildConfigurationList = 5BF0EAF52D393BF900DB3F3A /* Build configuration list for PBXNativeTarget "InstagramCloneUITests" */;
			buildPhases = (
				5BF0EAE92D393BF900DB3F3A /* Sources */,
				5BF0EAEA2D393BF900DB3F3A /* Frameworks */,
				5BF0EAEB2D393BF900DB3F3A /* Resources */,
			);
			buildRules = (
			);
			dependencies = (
				5BF0EAF42D393BF900DB3F3A /* PBXTargetDependency */,
			);
			fileSystemSynchronizedGroups = (
				5BF0EAEE2D393BF900DB3F3A /* InstagramCloneUITests */,
			);
			name = InstagramCloneUITests;
			packageProductDependencies = (
			);
			productName = InstagramCloneUITests;
			productReference = 5BF0EAED2D393BF900DB3F3A /* InstagramCloneUITests.xctest */;
			productType = "com.apple.product-type.bundle.ui-testing";
		};
/* End PBXNativeTarget section */

/* Begin PBXProject section */
		5B710CC92C8EEA5500236D32 /* Project object */ = {
			isa = PBXProject;
			attributes = {
				BuildIndependentTargetsInParallel = 1;
				LastSwiftUpdateCheck = 1620;
				LastUpgradeCheck = 1540;
				TargetAttributes = {
					5B710CD02C8EEA5500236D32 = {
						CreatedOnToolsVersion = 15.4;
					};
					5BF0EAEC2D393BF900DB3F3A = {
						CreatedOnToolsVersion = 16.2;
						TestTargetID = 5B710CD02C8EEA5500236D32;
					};
				};
			};
			buildConfigurationList = 5B710CCC2C8EEA5500236D32 /* Build configuration list for PBXProject "InstagramClone" */;
			compatibilityVersion = "Xcode 14.0";
			developmentRegion = en;
			hasScannedForEncodings = 0;
			knownRegions = (
				en,
				Base,
			);
			mainGroup = 5B710CC82C8EEA5500236D32;
			productRefGroup = 5B710CD22C8EEA5500236D32 /* Products */;
			projectDirPath = "";
			projectRoot = "";
			targets = (
				5B710CD02C8EEA5500236D32 /* InstagramClone */,
				5BF0EAEC2D393BF900DB3F3A /* InstagramCloneUITests */,
			);
		};
/* End PBXProject section */

/* Begin PBXResourcesBuildPhase section */
		5B710CCF2C8EEA5500236D32 /* Resources */ = {
			isa = PBXResourcesBuildPhase;
			buildActionMask = 2147483647;
			files = (
				5B710CDC2C8EEA5700236D32 /* Preview Assets.xcassets in Resources */,
				5B710CD92C8EEA5700236D32 /* Assets.xcassets in Resources */,
			);
			runOnlyForDeploymentPostprocessing = 0;
		};
		5BF0EAEB2D393BF900DB3F3A /* Resources */ = {
			isa = PBXResourcesBuildPhase;
			buildActionMask = 2147483647;
			files = (
			);
			runOnlyForDeploymentPostprocessing = 0;
		};
/* End PBXResourcesBuildPhase section */

/* Begin PBXSourcesBuildPhase section */
		5B710CCD2C8EEA5500236D32 /* Sources */ = {
			isa = PBXSourcesBuildPhase;
			buildActionMask = 2147483647;
			files = (
				5B72AD492D3E47920026524C /* FeedView.swift in Sources */,
				5B582F662D3AA22B00F6CE33 /* BottomNavBarView.swift in Sources */,
				5B582F5C2D3A35D500F6CE33 /* ImageView.swift in Sources */,
				5B582F682D3AA78A00F6CE33 /* TabItem.swift in Sources */,
				5B710CD52C8EEA5500236D32 /* InstagramCloneApp.swift in Sources */,
				5B72AD4B2D3E4BB00026524C /* AppBar.swift in Sources */,
				5B582F5A2D3A326700F6CE33 /* CircleImageView.swift in Sources */,
				5B5CCF902D37AF3C00BA75C6 /* AppView.swift in Sources */,
			);
			runOnlyForDeploymentPostprocessing = 0;
		};
		5BF0EAE92D393BF900DB3F3A /* Sources */ = {
			isa = PBXSourcesBuildPhase;
			buildActionMask = 2147483647;
			files = (
			);
			runOnlyForDeploymentPostprocessing = 0;
		};
/* End PBXSourcesBuildPhase section */

/* Begin PBXTargetDependency section */
		5BF0EAF42D393BF900DB3F3A /* PBXTargetDependency */ = {
			isa = PBXTargetDependency;
			target = 5B710CD02C8EEA5500236D32 /* InstagramClone */;
			targetProxy = 5BF0EAF32D393BF900DB3F3A /* PBXContainerItemProxy */;
		};
/* End PBXTargetDependency section */

/* Begin XCBuildConfiguration section */
		5B710CDD2C8EEA5700236D32 /* Debug */ = {
			isa = XCBuildConfiguration;
			buildSettings = {
				ALWAYS_SEARCH_USER_PATHS = NO;
				ASSETCATALOG_COMPILER_GENERATE_SWIFT_ASSET_SYMBOL_EXTENSIONS = YES;
				CLANG_ANALYZER_NONNULL = YES;
				CLANG_ANALYZER_NUMBER_OBJECT_CONVERSION = YES_AGGRESSIVE;
				CLANG_CXX_LANGUAGE_STANDARD = "gnu++20";
				CLANG_ENABLE_MODULES = YES;
				CLANG_ENABLE_OBJC_ARC = YES;
				CLANG_ENABLE_OBJC_WEAK = YES;
				CLANG_WARN_BLOCK_CAPTURE_AUTORELEASING = YES;
				CLANG_WARN_BOOL_CONVERSION = YES;
				CLANG_WARN_COMMA = YES;
				CLANG_WARN_CONSTANT_CONVERSION = YES;
				CLANG_WARN_DEPRECATED_OBJC_IMPLEMENTATIONS = YES;
				CLANG_WARN_DIRECT_OBJC_ISA_USAGE = YES_ERROR;
				CLANG_WARN_DOCUMENTATION_COMMENTS = YES;
				CLANG_WARN_EMPTY_BODY = YES;
				CLANG_WARN_ENUM_CONVERSION = YES;
				CLANG_WARN_INFINITE_RECURSION = YES;
				CLANG_WARN_INT_CONVERSION = YES;
				CLANG_WARN_NON_LITERAL_NULL_CONVERSION = YES;
				CLANG_WARN_OBJC_IMPLICIT_RETAIN_SELF = YES;
				CLANG_WARN_OBJC_LITERAL_CONVERSION = YES;
				CLANG_WARN_OBJC_ROOT_CLASS = YES_ERROR;
				CLANG_WARN_QUOTED_INCLUDE_IN_FRAMEWORK_HEADER = YES;
				CLANG_WARN_RANGE_LOOP_ANALYSIS = YES;
				CLANG_WARN_STRICT_PROTOTYPES = YES;
				CLANG_WARN_SUSPICIOUS_MOVE = YES;
				CLANG_WARN_UNGUARDED_AVAILABILITY = YES_AGGRESSIVE;
				CLANG_WARN_UNREACHABLE_CODE = YES;
				CLANG_WARN__DUPLICATE_METHOD_MATCH = YES;
				COPY_PHASE_STRIP = NO;
				DEBUG_INFORMATION_FORMAT = dwarf;
				ENABLE_STRICT_OBJC_MSGSEND = YES;
				ENABLE_TESTABILITY = YES;
				ENABLE_USER_SCRIPT_SANDBOXING = YES;
				GCC_C_LANGUAGE_STANDARD = gnu17;
				GCC_DYNAMIC_NO_PIC = NO;
				GCC_NO_COMMON_BLOCKS = YES;
				GCC_OPTIMIZATION_LEVEL = 0;
				GCC_PREPROCESSOR_DEFINITIONS = (
					"DEBUG=1",
					"$(inherited)",
				);
				GCC_WARN_64_TO_32_BIT_CONVERSION = YES;
				GCC_WARN_ABOUT_RETURN_TYPE = YES_ERROR;
				GCC_WARN_UNDECLARED_SELECTOR = YES;
				GCC_WARN_UNINITIALIZED_AUTOS = YES_AGGRESSIVE;
				GCC_WARN_UNUSED_FUNCTION = YES;
				GCC_WARN_UNUSED_VARIABLE = YES;
				IPHONEOS_DEPLOYMENT_TARGET = 17.5;
				LOCALIZATION_PREFERS_STRING_CATALOGS = YES;
				MTL_ENABLE_DEBUG_INFO = INCLUDE_SOURCE;
				MTL_FAST_MATH = YES;
				ONLY_ACTIVE_ARCH = YES;
				SDKROOT = iphoneos;
				SWIFT_ACTIVE_COMPILATION_CONDITIONS = "DEBUG $(inherited)";
				SWIFT_OPTIMIZATION_LEVEL = "-Onone";
			};
			name = Debug;
		};
		5B710CDE2C8EEA5700236D32 /* Release */ = {
			isa = XCBuildConfiguration;
			buildSettings = {
				ALWAYS_SEARCH_USER_PATHS = NO;
				ASSETCATALOG_COMPILER_GENERATE_SWIFT_ASSET_SYMBOL_EXTENSIONS = YES;
				CLANG_ANALYZER_NONNULL = YES;
				CLANG_ANALYZER_NUMBER_OBJECT_CONVERSION = YES_AGGRESSIVE;
				CLANG_CXX_LANGUAGE_STANDARD = "gnu++20";
				CLANG_ENABLE_MODULES = YES;
				CLANG_ENABLE_OBJC_ARC = YES;
				CLANG_ENABLE_OBJC_WEAK = YES;
				CLANG_WARN_BLOCK_CAPTURE_AUTORELEASING = YES;
				CLANG_WARN_BOOL_CONVERSION = YES;
				CLANG_WARN_COMMA = YES;
				CLANG_WARN_CONSTANT_CONVERSION = YES;
				CLANG_WARN_DEPRECATED_OBJC_IMPLEMENTATIONS = YES;
				CLANG_WARN_DIRECT_OBJC_ISA_USAGE = YES_ERROR;
				CLANG_WARN_DOCUMENTATION_COMMENTS = YES;
				CLANG_WARN_EMPTY_BODY = YES;
				CLANG_WARN_ENUM_CONVERSION = YES;
				CLANG_WARN_INFINITE_RECURSION = YES;
				CLANG_WARN_INT_CONVERSION = YES;
				CLANG_WARN_NON_LITERAL_NULL_CONVERSION = YES;
				CLANG_WARN_OBJC_IMPLICIT_RETAIN_SELF = YES;
				CLANG_WARN_OBJC_LITERAL_CONVERSION = YES;
				CLANG_WARN_OBJC_ROOT_CLASS = YES_ERROR;
				CLANG_WARN_QUOTED_INCLUDE_IN_FRAMEWORK_HEADER = YES;
				CLANG_WARN_RANGE_LOOP_ANALYSIS = YES;
				CLANG_WARN_STRICT_PROTOTYPES = YES;
				CLANG_WARN_SUSPICIOUS_MOVE = YES;
				CLANG_WARN_UNGUARDED_AVAILABILITY = YES_AGGRESSIVE;
				CLANG_WARN_UNREACHABLE_CODE = YES;
				CLANG_WARN__DUPLICATE_METHOD_MATCH = YES;
				COPY_PHASE_STRIP = NO;
				DEBUG_INFORMATION_FORMAT = "dwarf-with-dsym";
				ENABLE_NS_ASSERTIONS = NO;
				ENABLE_STRICT_OBJC_MSGSEND = YES;
				ENABLE_USER_SCRIPT_SANDBOXING = YES;
				GCC_C_LANGUAGE_STANDARD = gnu17;
				GCC_NO_COMMON_BLOCKS = YES;
				GCC_WARN_64_TO_32_BIT_CONVERSION = YES;
				GCC_WARN_ABOUT_RETURN_TYPE = YES_ERROR;
				GCC_WARN_UNDECLARED_SELECTOR = YES;
				GCC_WARN_UNINITIALIZED_AUTOS = YES_AGGRESSIVE;
				GCC_WARN_UNUSED_FUNCTION = YES;
				GCC_WARN_UNUSED_VARIABLE = YES;
				IPHONEOS_DEPLOYMENT_TARGET = 17.5;
				LOCALIZATION_PREFERS_STRING_CATALOGS = YES;
				MTL_ENABLE_DEBUG_INFO = NO;
				MTL_FAST_MATH = YES;
				SDKROOT = iphoneos;
				SWIFT_COMPILATION_MODE = wholemodule;
				VALIDATE_PRODUCT = YES;
			};
			name = Release;
		};
		5B710CE02C8EEA5700236D32 /* Debug */ = {
			isa = XCBuildConfiguration;
			buildSettings = {
				ASSETCATALOG_COMPILER_APPICON_NAME = AppIcon;
				ASSETCATALOG_COMPILER_GLOBAL_ACCENT_COLOR_NAME = AccentColor;
				CODE_SIGN_STYLE = Automatic;
				CURRENT_PROJECT_VERSION = 1;
				DEVELOPMENT_ASSET_PATHS = "\"InstagramClone/Preview Content\"";
				DEVELOPMENT_TEAM = ZSF98GN32F;
				ENABLE_PREVIEWS = YES;
				GENERATE_INFOPLIST_FILE = YES;
				INFOPLIST_KEY_UIApplicationSceneManifest_Generation = YES;
				INFOPLIST_KEY_UIApplicationSupportsIndirectInputEvents = YES;
				INFOPLIST_KEY_UILaunchScreen_Generation = YES;
				INFOPLIST_KEY_UISupportedInterfaceOrientations_iPad = "UIInterfaceOrientationPortrait UIInterfaceOrientationPortraitUpsideDown UIInterfaceOrientationLandscapeLeft UIInterfaceOrientationLandscapeRight";
				INFOPLIST_KEY_UISupportedInterfaceOrientations_iPhone = "UIInterfaceOrientationPortrait UIInterfaceOrientationLandscapeLeft UIInterfaceOrientationLandscapeRight";
				IPHONEOS_DEPLOYMENT_TARGET = 18.0;
				LD_RUNPATH_SEARCH_PATHS = (
					"$(inherited)",
					"@executable_path/Frameworks",
				);
				MARKETING_VERSION = 1.0;
				PRODUCT_BUNDLE_IDENTIFIER = com.example.InstagramClone;
				PRODUCT_NAME = "$(TARGET_NAME)";
				SWIFT_EMIT_LOC_STRINGS = YES;
				SWIFT_VERSION = 5.0;
				TARGETED_DEVICE_FAMILY = "1,2";
			};
			name = Debug;
		};
		5B710CE12C8EEA5700236D32 /* Release */ = {
			isa = XCBuildConfiguration;
			buildSettings = {
				ASSETCATALOG_COMPILER_APPICON_NAME = AppIcon;
				ASSETCATALOG_COMPILER_GLOBAL_ACCENT_COLOR_NAME = AccentColor;
				CODE_SIGN_STYLE = Automatic;
				CURRENT_PROJECT_VERSION = 1;
				DEVELOPMENT_ASSET_PATHS = "\"InstagramClone/Preview Content\"";
				DEVELOPMENT_TEAM = ZSF98GN32F;
				ENABLE_PREVIEWS = YES;
				GENERATE_INFOPLIST_FILE = YES;
				INFOPLIST_KEY_UIApplicationSceneManifest_Generation = YES;
				INFOPLIST_KEY_UIApplicationSupportsIndirectInputEvents = YES;
				INFOPLIST_KEY_UILaunchScreen_Generation = YES;
				INFOPLIST_KEY_UISupportedInterfaceOrientations_iPad = "UIInterfaceOrientationPortrait UIInterfaceOrientationPortraitUpsideDown UIInterfaceOrientationLandscapeLeft UIInterfaceOrientationLandscapeRight";
				INFOPLIST_KEY_UISupportedInterfaceOrientations_iPhone = "UIInterfaceOrientationPortrait UIInterfaceOrientationLandscapeLeft UIInterfaceOrientationLandscapeRight";
				IPHONEOS_DEPLOYMENT_TARGET = 18.0;
				LD_RUNPATH_SEARCH_PATHS = (
					"$(inherited)",
					"@executable_path/Frameworks",
				);
				MARKETING_VERSION = 1.0;
				PRODUCT_BUNDLE_IDENTIFIER = com.example.InstagramClone;
				PRODUCT_NAME = "$(TARGET_NAME)";
				SWIFT_EMIT_LOC_STRINGS = YES;
				SWIFT_VERSION = 5.0;
				TARGETED_DEVICE_FAMILY = "1,2";
			};
			name = Release;
		};
		5BF0EAF62D393BF900DB3F3A /* Debug */ = {
			isa = XCBuildConfiguration;
			buildSettings = {
				CODE_SIGN_STYLE = Automatic;
				CURRENT_PROJECT_VERSION = 1;
				DEVELOPMENT_TEAM = ZSF98GN32F;
				GENERATE_INFOPLIST_FILE = YES;
				IPHONEOS_DEPLOYMENT_TARGET = 18.2;
				MARKETING_VERSION = 1.0;
				PRODUCT_BUNDLE_IDENTIFIER = com.example.InstagramCloneUITests;
				PRODUCT_NAME = "$(TARGET_NAME)";
				SWIFT_EMIT_LOC_STRINGS = NO;
				SWIFT_VERSION = 5.0;
				TARGETED_DEVICE_FAMILY = "1,2";
				TEST_TARGET_NAME = InstagramClone;
			};
			name = Debug;
		};
		5BF0EAF72D393BF900DB3F3A /* Release */ = {
			isa = XCBuildConfiguration;
			buildSettings = {
				CODE_SIGN_STYLE = Automatic;
				CURRENT_PROJECT_VERSION = 1;
				DEVELOPMENT_TEAM = ZSF98GN32F;
				GENERATE_INFOPLIST_FILE = YES;
				IPHONEOS_DEPLOYMENT_TARGET = 18.2;
				MARKETING_VERSION = 1.0;
				PRODUCT_BUNDLE_IDENTIFIER = com.example.InstagramCloneUITests;
				PRODUCT_NAME = "$(TARGET_NAME)";
				SWIFT_EMIT_LOC_STRINGS = NO;
				SWIFT_VERSION = 5.0;
				TARGETED_DEVICE_FAMILY = "1,2";
				TEST_TARGET_NAME = InstagramClone;
			};
			name = Release;
		};
/* End XCBuildConfiguration section */

/* Begin XCConfigurationList section */
		5B710CCC2C8EEA5500236D32 /* Build configuration list for PBXProject "InstagramClone" */ = {
			isa = XCConfigurationList;
			buildConfigurations = (
				5B710CDD2C8EEA5700236D32 /* Debug */,
				5B710CDE2C8EEA5700236D32 /* Release */,
			);
			defaultConfigurationIsVisible = 0;
			defaultConfigurationName = Release;
		};
		5B710CDF2C8EEA5700236D32 /* Build configuration list for PBXNativeTarget "InstagramClone" */ = {
			isa = XCConfigurationList;
			buildConfigurations = (
				5B710CE02C8EEA5700236D32 /* Debug */,
				5B710CE12C8EEA5700236D32 /* Release */,
			);
			defaultConfigurationIsVisible = 0;
			defaultConfigurationName = Release;
		};
		5BF0EAF52D393BF900DB3F3A /* Build configuration list for PBXNativeTarget "InstagramCloneUITests" */ = {
			isa = XCConfigurationList;
			buildConfigurations = (
				5BF0EAF62D393BF900DB3F3A /* Debug */,
				5BF0EAF72D393BF900DB3F3A /* Release */,
			);
			defaultConfigurationIsVisible = 0;
			defaultConfigurationName = Release;
		};
/* End XCConfigurationList section */
	};
	rootObject = 5B710CC92C8EEA5500236D32 /* Project object */;
}
